
Microsoft Visual Studio Solution File, Format Version 12.00
# Visual Studio Version 17
VisualStudioVersion = 17.11.35222.181
MinimumVisualStudioVersion = 10.0.40219.1
Project("{FAE04EC0-301F-11D3-BF4B-00C04F79EFBC}") = "KeszthelySprint", "KeszthelySprint\KeszthelySprint.csproj", "{BABE2344-7162-4091-9EF1-30741D20EB21}"
EndProject
Global
	GlobalSection(SolutionConfigurationPlatforms) = preSolution
		Debug|Any CPU = Debug|Any CPU
		Release|Any CPU = Release|Any CPU
	EndGlobalSection
	GlobalSection(ProjectConfigurationPlatforms) = postSolution
		{BABE2344-7162-4091-9EF1-30741D20EB21}.Debug|Any CPU.ActiveCfg = Debug|Any CPU
		{BABE2344-7162-4091-9EF1-30741D20EB21}.Debug|Any CPU.Build.0 = Debug|Any CPU
		{BABE2344-7162-4091-9EF1-30741D20EB21}.Release|Any CPU.ActiveCfg = Release|Any CPU
		{BABE2344-7162-4091-9EF1-30741D20EB21}.Release|Any CPU.Build.0 = Release|Any CPU
	EndGlobalSection
	GlobalSection(SolutionProperties) = preSolution
		HideSolutionNode = FALSE
	EndGlobalSection
	GlobalSection(ExtensibilityGlobals) = postSolution
		SolutionGuid = {B4DF12E7-14FD-4F7B-B08A-C11D9DFC8620}
	EndGlobalSection
EndGlobal
